{
  "name": "insight-ai",
  "lockfileVersion": 3,
  "requires": true,
  "packages": {
    "": {
      "dependencies": {
        "transformers": "^1.8.3"
      }
    },
    "node_modules/is-promise": {
      "version": "1.0.1",
      "resolved": "https://registry.npmjs.org/is-promise/-/is-promise-1.0.1.tgz",
      "integrity": "sha512-mjWH5XxnhMA8cFnDchr6qRP9S/kLntKuEfIYku+PaN1CnS8v+OG9O/BKpRCVRJvpIkgAZm0Pf5Is3iSSOILlcg==",
      "license": "MIT"
    },
    "node_modules/promise": {
      "version": "2.0.0",
      "resolved": "https://registry.npmjs.org/promise/-/promise-2.0.0.tgz",
      "integrity": "sha512-OgMc+sxI3zWF8D5BJGtA0z7/IsrDy1/0cPaDv6HPpqa2fSTo7AdON5U10NbZCUeF+zCAj3PtfPE50Hf02386aA==",
      "license": "MIT",
      "dependencies": {
        "is-promise": "~1"
      }
    },
    "node_modules/transformers": {
      "version": "1.8.3",
      "resolved": "https://registry.npmjs.org/transformers/-/transformers-1.8.3.tgz",
      "integrity": "sha512-7PSrTe7KFMh98C7aNSUNWSbkAx7BARex7eBGICvBD3ygaYh/+9OAkWU7qOL8iguaNxQptRdcUHOu8+YUtKbdyA==",
      "deprecated": "Deprecated, use jstransformer",
      "license": "MIT",
      "dependencies": {
        "promise": "~2.0"
      }
    }
  }
}
